
Microsoft Visual Studio Solution File, Format Version 12.00
# Visual Studio Version 17
VisualStudioVersion = 17.13.35806.99
MinimumVisualStudioVersion = 10.0.40219.1
Project("{FAE04EC0-301F-11D3-BF4B-00C04F79EFBC}") = "NotificationApi.Domain", "NotificationApi.Domain\NotificationApi.Domain.csproj", "{86D2C854-AA84-4603-9AC8-2DD55C684797}"
EndProject
Project("{FAE04EC0-301F-11D3-BF4B-00C04F79EFBC}") = "NotificationApi.Application", "NotificationApi.Application\NotificationApi.Application.csproj", "{7EF295F3-182E-4165-AF4A-250AC1D93B21}"
EndProject
Project("{FAE04EC0-301F-11D3-BF4B-00C04F79EFBC}") = "NotificationApi.Infrastructure", "NotificationApi.Infrastructure\NotificationApi.Infrastructure.csproj", "{ED17B4F2-39D2-43AF-ACE7-0D67D9DA7973}"
EndProject
Project("{FAE04EC0-301F-11D3-BF4B-00C04F79EFBC}") = "Proyecto.SharedLibrary", "..\Proyecto.SharedLibrarySolution\Proyecto.SharedLibrary\Proyecto.SharedLibrary.csproj", "{06A57DCD-FA38-2FD1-D68E-4015B8FC6B3B}"
EndProject
Project("{FAE04EC0-301F-11D3-BF4B-00C04F79EFBC}") = "NotificationApi.Presentation", "NotificationApi.Presentation\NotificationApi.Presentation.csproj", "{D70237E6-0770-43D3-A40E-BCCE9584BA7D}"
EndProject
Global
	GlobalSection(SolutionConfigurationPlatforms) = preSolution
		Debug|Any CPU = Debug|Any CPU
		Release|Any CPU = Release|Any CPU
	EndGlobalSection
	GlobalSection(ProjectConfigurationPlatforms) = postSolution
		{86D2C854-AA84-4603-9AC8-2DD55C684797}.Debug|Any CPU.ActiveCfg = Debug|Any CPU
		{86D2C854-AA84-4603-9AC8-2DD55C684797}.Debug|Any CPU.Build.0 = Debug|Any CPU
		{86D2C854-AA84-4603-9AC8-2DD55C684797}.Release|Any CPU.ActiveCfg = Release|Any CPU
		{86D2C854-AA84-4603-9AC8-2DD55C684797}.Release|Any CPU.Build.0 = Release|Any CPU
		{7EF295F3-182E-4165-AF4A-250AC1D93B21}.Debug|Any CPU.ActiveCfg = Debug|Any CPU
		{7EF295F3-182E-4165-AF4A-250AC1D93B21}.Debug|Any CPU.Build.0 = Debug|Any CPU
		{7EF295F3-182E-4165-AF4A-250AC1D93B21}.Release|Any CPU.ActiveCfg = Release|Any CPU
		{7EF295F3-182E-4165-AF4A-250AC1D93B21}.Release|Any CPU.Build.0 = Release|Any CPU
		{ED17B4F2-39D2-43AF-ACE7-0D67D9DA7973}.Debug|Any CPU.ActiveCfg = Debug|Any CPU
		{ED17B4F2-39D2-43AF-ACE7-0D67D9DA7973}.Debug|Any CPU.Build.0 = Debug|Any CPU
		{ED17B4F2-39D2-43AF-ACE7-0D67D9DA7973}.Release|Any CPU.ActiveCfg = Release|Any CPU
		{ED17B4F2-39D2-43AF-ACE7-0D67D9DA7973}.Release|Any CPU.Build.0 = Release|Any CPU
		{06A57DCD-FA38-2FD1-D68E-4015B8FC6B3B}.Debug|Any CPU.ActiveCfg = Debug|Any CPU
		{06A57DCD-FA38-2FD1-D68E-4015B8FC6B3B}.Debug|Any CPU.Build.0 = Debug|Any CPU
		{06A57DCD-FA38-2FD1-D68E-4015B8FC6B3B}.Release|Any CPU.ActiveCfg = Release|Any CPU
		{06A57DCD-FA38-2FD1-D68E-4015B8FC6B3B}.Release|Any CPU.Build.0 = Release|Any CPU
		{D70237E6-0770-43D3-A40E-BCCE9584BA7D}.Debug|Any CPU.ActiveCfg = Debug|Any CPU
		{D70237E6-0770-43D3-A40E-BCCE9584BA7D}.Debug|Any CPU.Build.0 = Debug|Any CPU
		{D70237E6-0770-43D3-A40E-BCCE9584BA7D}.Release|Any CPU.ActiveCfg = Release|Any CPU
		{D70237E6-0770-43D3-A40E-BCCE9584BA7D}.Release|Any CPU.Build.0 = Release|Any CPU
	EndGlobalSection
	GlobalSection(SolutionProperties) = preSolution
		HideSolutionNode = FALSE
	EndGlobalSection
	GlobalSection(ExtensibilityGlobals) = postSolution
		SolutionGuid = {BE623A2D-E34C-415E-8447-CB9AA5EF24C1}
	EndGlobalSection
EndGlobal
